
Microsoft Visual Studio Solution File, Format Version 12.00
# Visual Studio 15
VisualStudioVersion = 15.0.27703.2042
MinimumVisualStudioVersion = 10.0.40219.1
Project("{9A19103F-16F7-4668-BE54-9A1E7A4F7556}") = "bradjolicoeur.web", "bradjolicoeur.web\bradjolicoeur.web.csproj", "{C18EC002-6F24-472C-9C03-C5AFE8BC9BC6}"
EndProject
Project("{9A19103F-16F7-4668-BE54-9A1E7A4F7556}") = "bradjolicoeur.core", "bradjolicoeur.core\bradjolicoeur.core.csproj", "{489AB7BD-314F-42FB-ADDD-45D2FD9401FD}"
EndProject
Project("{2150E333-8FDC-42A3-9474-1A3956D46DE8}") = "Docker", "Docker", "{6ECDD88C-2521-40B4-9AAA-8DA9A7D5922B}"
	ProjectSection(SolutionItems) = preProject
		.dockerignore = .dockerignore
		Dockerfile = Dockerfile
	EndProjectSection
EndProject
Global
	GlobalSection(SolutionConfigurationPlatforms) = preSolution
		Debug|Any CPU = Debug|Any CPU
		Release|Any CPU = Release|Any CPU
	EndGlobalSection
	GlobalSection(ProjectConfigurationPlatforms) = postSolution
		{C18EC002-6F24-472C-9C03-C5AFE8BC9BC6}.Debug|Any CPU.ActiveCfg = Debug|Any CPU
		{C18EC002-6F24-472C-9C03-C5AFE8BC9BC6}.Debug|Any CPU.Build.0 = Debug|Any CPU
		{C18EC002-6F24-472C-9C03-C5AFE8BC9BC6}.Release|Any CPU.ActiveCfg = Release|Any CPU
		{C18EC002-6F24-472C-9C03-C5AFE8BC9BC6}.Release|Any CPU.Build.0 = Release|Any CPU
		{489AB7BD-314F-42FB-ADDD-45D2FD9401FD}.Debug|Any CPU.ActiveCfg = Debug|Any CPU
		{489AB7BD-314F-42FB-ADDD-45D2FD9401FD}.Debug|Any CPU.Build.0 = Debug|Any CPU
		{489AB7BD-314F-42FB-ADDD-45D2FD9401FD}.Release|Any CPU.ActiveCfg = Release|Any CPU
		{489AB7BD-314F-42FB-ADDD-45D2FD9401FD}.Release|Any CPU.Build.0 = Release|Any CPU
	EndGlobalSection
	GlobalSection(SolutionProperties) = preSolution
		HideSolutionNode = FALSE
	EndGlobalSection
	GlobalSection(ExtensibilityGlobals) = postSolution
		SolutionGuid = {D99082CA-9F0D-4724-9908-BF9B28179FB7}
	EndGlobalSection
EndGlobal
